PODS:
  - Bytedance-UnionAD (3.3.6.1)
  - GDTMobSDK (4.12.0):
    - GDTMobSDK/GDTMobSDK (= 4.12.0)
  - GDTMobSDK/GDTMobSDK (4.12.0)
  - Masonry (1.1.0)
  - YYKit (1.0.9):
    - YYKit/no-arc (= 1.0.9)
  - YYKit/no-arc (1.0.9)

DEPENDENCIES:
  - Bytedance-UnionAD (~> 3.3.6.1)
  - GDTMobSDK (~> 4.12.0)
  - Masonry
  - YYKit

SPEC REPOS:
  trunk:
    - Bytedance-UnionAD
    - GDTMobSDK
    - Masonry
    - YYKit

SPEC CHECKSUMS:
  Bytedance-UnionAD: f496daec3dbd590014ed1a9facee328ec17f064d
  GDTMobSDK: 93befcc3c896d0252fbc8902e64dbd8acaa8368b
  Masonry: 678fab65091a9290e40e2832a55e7ab731aad201
  YYKit: 7cda43304a8dc3696c449041e2cb3107b4e236e7

PODFILE CHECKSUM: dd6864bc94593473b8e644056832475d6f651867

COCOAPODS: 1.10.0.beta.1
